
Microsoft Visual Studio Solution File, Format Version 12.00
# Visual Studio Version 17
VisualStudioVersion = 17.5.002.0
MinimumVisualStudioVersion = 10.0.40219.1
Project("{9A19103F-16F7-4668-BE54-9A1E7A4F7556}") = "TrilhaApiDesafio", "TrilhaApiDesafio.csproj", "{FEC46DB1-6D7A-49B9-858F-189C040B1296}"
EndProject
Global
	GlobalSection(SolutionConfigurationPlatforms) = preSolution
		Debug|Any CPU = Debug|Any CPU
		Release|Any CPU = Release|Any CPU
	EndGlobalSection
	GlobalSection(ProjectConfigurationPlatforms) = postSolution
		{FEC46DB1-6D7A-49B9-858F-189C040B1296}.Debug|Any CPU.ActiveCfg = Debug|Any CPU
		{FEC46DB1-6D7A-49B9-858F-189C040B1296}.Debug|Any CPU.Build.0 = Debug|Any CPU
		{FEC46DB1-6D7A-49B9-858F-189C040B1296}.Release|Any CPU.ActiveCfg = Release|Any CPU
		{FEC46DB1-6D7A-49B9-858F-189C040B1296}.Release|Any CPU.Build.0 = Release|Any CPU
	EndGlobalSection
	GlobalSection(SolutionProperties) = preSolution
		HideSolutionNode = FALSE
	EndGlobalSection
	GlobalSection(ExtensibilityGlobals) = postSolution
		SolutionGuid = {4952ADB9-5AFA-4B38-BA24-A1B6BED15120}
	EndGlobalSection
EndGlobal
